
Microsoft Visual Studio Solution File, Format Version 12.00
# Visual Studio Version 17
VisualStudioVersion = 17.14.36301.6 d17.14
MinimumVisualStudioVersion = 10.0.40219.1
Project("{FAE04EC0-301F-11D3-BF4B-00C04F79EFBC}") = "pdfgeneration", "pdfgeneration.csproj", "{4972670C-A208-42B5-BEDA-9E891572A1B3}"
EndProject
Global
	GlobalSection(SolutionConfigurationPlatforms) = preSolution
		Debug|Any CPU = Debug|Any CPU
		Release|Any CPU = Release|Any CPU
	EndGlobalSection
	GlobalSection(ProjectConfigurationPlatforms) = postSolution
		{4972670C-A208-42B5-BEDA-9E891572A1B3}.Debug|Any CPU.ActiveCfg = Debug|Any CPU
		{4972670C-A208-42B5-BEDA-9E891572A1B3}.Debug|Any CPU.Build.0 = Debug|Any CPU
		{4972670C-A208-42B5-BEDA-9E891572A1B3}.Release|Any CPU.ActiveCfg = Release|Any CPU
		{4972670C-A208-42B5-BEDA-9E891572A1B3}.Release|Any CPU.Build.0 = Release|Any CPU
	EndGlobalSection
	GlobalSection(SolutionProperties) = preSolution
		HideSolutionNode = FALSE
	EndGlobalSection
	GlobalSection(ExtensibilityGlobals) = postSolution
		SolutionGuid = {8624FF1C-D9DD-4F56-83FD-300E337CF695}
	EndGlobalSection
EndGlobal
